
Microsoft Visual Studio Solution File, Format Version 12.00
# Visual Studio Version 17
VisualStudioVersion = 17.2.32516.85
MinimumVisualStudioVersion = 10.0.40219.1
Project("{FAE04EC0-301F-11D3-BF4B-00C04F79EFBC}") = "PizzaOnline", "PizzaOnline.csproj", "{CF8C7A8E-F5AA-4971-99B7-E4F44AA65832}"
EndProject
Global
	GlobalSection(SolutionConfigurationPlatforms) = preSolution
		Debug|Any CPU = Debug|Any CPU
		Release|Any CPU = Release|Any CPU
	EndGlobalSection
	GlobalSection(ProjectConfigurationPlatforms) = postSolution
		{CF8C7A8E-F5AA-4971-99B7-E4F44AA65832}.Debug|Any CPU.ActiveCfg = Debug|Any CPU
		{CF8C7A8E-F5AA-4971-99B7-E4F44AA65832}.Debug|Any CPU.Build.0 = Debug|Any CPU
		{CF8C7A8E-F5AA-4971-99B7-E4F44AA65832}.Release|Any CPU.ActiveCfg = Release|Any CPU
		{CF8C7A8E-F5AA-4971-99B7-E4F44AA65832}.Release|Any CPU.Build.0 = Release|Any CPU
	EndGlobalSection
	GlobalSection(SolutionProperties) = preSolution
		HideSolutionNode = FALSE
	EndGlobalSection
	GlobalSection(ExtensibilityGlobals) = postSolution
		SolutionGuid = {2504150F-0BDF-495D-897B-528E4B76072B}
	EndGlobalSection
EndGlobal
